
Microsoft Visual Studio Solution File, Format Version 12.00
# Visual Studio Version 17
VisualStudioVersion = 17.14.36221.1 d17.14
MinimumVisualStudioVersion = 10.0.40219.1
Project("{FAE04EC0-301F-11D3-BF4B-00C04F79EFBC}") = "FinalProject331406710", "FinalProject331406710.csproj", "{66595201-64C5-4A1E-87CF-2286B710A03C}"
EndProject
Global
	GlobalSection(SolutionConfigurationPlatforms) = preSolution
		Debug|Any CPU = Debug|Any CPU
		Release|Any CPU = Release|Any CPU
	EndGlobalSection
	GlobalSection(ProjectConfigurationPlatforms) = postSolution
		{66595201-64C5-4A1E-87CF-2286B710A03C}.Debug|Any CPU.ActiveCfg = Debug|Any CPU
		{66595201-64C5-4A1E-87CF-2286B710A03C}.Debug|Any CPU.Build.0 = Debug|Any CPU
		{66595201-64C5-4A1E-87CF-2286B710A03C}.Debug|Any CPU.Deploy.0 = Debug|Any CPU
		{66595201-64C5-4A1E-87CF-2286B710A03C}.Release|Any CPU.ActiveCfg = Release|Any CPU
		{66595201-64C5-4A1E-87CF-2286B710A03C}.Release|Any CPU.Build.0 = Release|Any CPU
		{66595201-64C5-4A1E-87CF-2286B710A03C}.Release|Any CPU.Deploy.0 = Release|Any CPU
	EndGlobalSection
	GlobalSection(SolutionProperties) = preSolution
		HideSolutionNode = FALSE
	EndGlobalSection
	GlobalSection(ExtensibilityGlobals) = postSolution
		SolutionGuid = {AFAEBCAB-11B6-4047-B500-4D75A6F0452F}
	EndGlobalSection
EndGlobal
